
Microsoft Visual Studio Solution File, Format Version 12.00
# Visual Studio Version 17
VisualStudioVersion = 17.1.32421.90
MinimumVisualStudioVersion = 10.0.40219.1
Project("{FAE04EC0-301F-11D3-BF4B-00C04F79EFBC}") = "CoffeeMachine", "Кофейный аппарат\CoffeeMachine.csproj", "{01956F1C-AB4E-4F0F-A78E-C11A30126F91}"
EndProject
Global
	GlobalSection(SolutionConfigurationPlatforms) = preSolution
		Debug|Any CPU = Debug|Any CPU
		Release|Any CPU = Release|Any CPU
	EndGlobalSection
	GlobalSection(ProjectConfigurationPlatforms) = postSolution
		{01956F1C-AB4E-4F0F-A78E-C11A30126F91}.Debug|Any CPU.ActiveCfg = Debug|Any CPU
		{01956F1C-AB4E-4F0F-A78E-C11A30126F91}.Debug|Any CPU.Build.0 = Debug|Any CPU
		{01956F1C-AB4E-4F0F-A78E-C11A30126F91}.Release|Any CPU.ActiveCfg = Release|Any CPU
		{01956F1C-AB4E-4F0F-A78E-C11A30126F91}.Release|Any CPU.Build.0 = Release|Any CPU
	EndGlobalSection
	GlobalSection(SolutionProperties) = preSolution
		HideSolutionNode = FALSE
	EndGlobalSection
	GlobalSection(ExtensibilityGlobals) = postSolution
		SolutionGuid = {9BB1FAC9-41EE-4A7E-A092-3F93AD0724AA}
	EndGlobalSection
EndGlobal
